
Microsoft Visual Studio Solution File, Format Version 12.00
Project("{2150E333-8FDC-42A3-9474-1A3956D46DE8}") = "Domain", "Domain", "{5894DAD6-0F90-4E43-9481-4A1B90965BEB}"
EndProject
Project("{2150E333-8FDC-42A3-9474-1A3956D46DE8}") = "Infra.Bus", "Infra.Bus", "{8A0540DB-38BD-4485-8FCB-13D50EAC7CE0}"
EndProject
Project("{2150E333-8FDC-42A3-9474-1A3956D46DE8}") = "Infra.IoC", "Infra.IoC", "{394890FC-BBE7-4708-8C00-0E4E3133AE6C}"
EndProject
Project("{2150E333-8FDC-42A3-9474-1A3956D46DE8}") = "Microservices", "Microservices", "{C4D2C2EB-0A83-4399-A10E-3D7B75C8FDBB}"
EndProject
Project("{2150E333-8FDC-42A3-9474-1A3956D46DE8}") = "Presentation", "Presentation", "{BE5CF9BE-96A5-4FDA-92DD-67BDDD1698FE}"
EndProject
Project("{FAE04EC0-301F-11D3-BF4B-00C04F79EFBC}") = "MicroRabbit.Domain.Core", "MicroRabbit.Domain.Core\MicroRabbit.Domain.Core.csproj", "{90364776-5FF9-4162-A717-96CADE61BA30}"
EndProject
Project("{FAE04EC0-301F-11D3-BF4B-00C04F79EFBC}") = "MicroRabbit.Infra.Bus", "MicroRabbit.Infra.Bus\MicroRabbit.Infra.Bus.csproj", "{A44C7E66-935B-42AC-B790-360180DF86CF}"
EndProject
Project("{FAE04EC0-301F-11D3-BF4B-00C04F79EFBC}") = "MicroRabbit.Infra.IoC", "MicroRabbit.Infra.IoC\MicroRabbit.Infra.IoC.csproj", "{4A6329B3-3031-4A4A-B012-7676E98F70DF}"
EndProject
Project("{2150E333-8FDC-42A3-9474-1A3956D46DE8}") = "Banking", "Banking", "{0F827A2F-EEFA-4942-9AA7-EE1C598B2EC5}"
EndProject
Project("{2150E333-8FDC-42A3-9474-1A3956D46DE8}") = "Api", "Api", "{FE513617-F882-486B-AADA-C90E1A83591A}"
EndProject
Project("{2150E333-8FDC-42A3-9474-1A3956D46DE8}") = "Domain", "Domain", "{B2231654-C2FA-4301-9058-FC9C40DDE956}"
EndProject
Project("{2150E333-8FDC-42A3-9474-1A3956D46DE8}") = "Application", "Application", "{F9E69A90-CB9C-4E45-B0A5-37DCEDD11561}"
EndProject
Project("{2150E333-8FDC-42A3-9474-1A3956D46DE8}") = "Data", "Data", "{85CDC838-6FDA-41AB-8E8E-2C84B94F7A7C}"
EndProject
Project("{FAE04EC0-301F-11D3-BF4B-00C04F79EFBC}") = "MicroRabbit.Banking.Api", "MicroRabbit.Banking.Api\MicroRabbit.Banking.Api.csproj", "{5E823EF1-911F-4243-B5BB-31AB92DCCD6C}"
EndProject
Project("{FAE04EC0-301F-11D3-BF4B-00C04F79EFBC}") = "MicroRabbit.Banking.Application", "MicroRabbit.Banking.Application\MicroRabbit.Banking.Application.csproj", "{1B885131-B019-4953-BEE7-38F8B3767427}"
EndProject
Project("{FAE04EC0-301F-11D3-BF4B-00C04F79EFBC}") = "MicroRabbit.Banking.Data", "MicroRabbit.Banking.Data\MicroRabbit.Banking.Data.csproj", "{D83EC78C-9AD3-4300-91AE-03C6D98E74C3}"
EndProject
Project("{FAE04EC0-301F-11D3-BF4B-00C04F79EFBC}") = "MicroRabbit.Banking.Domain", "MicroRabbit.Banking.Domain\MicroRabbit.Banking.Domain.csproj", "{154FB903-2415-4B0B-A9FA-40F238DFB2C6}"
EndProject
Global
	GlobalSection(SolutionConfigurationPlatforms) = preSolution
		Debug|Any CPU = Debug|Any CPU
		Release|Any CPU = Release|Any CPU
	EndGlobalSection
	GlobalSection(NestedProjects) = preSolution
		{90364776-5FF9-4162-A717-96CADE61BA30} = {5894DAD6-0F90-4E43-9481-4A1B90965BEB}
		{A44C7E66-935B-42AC-B790-360180DF86CF} = {8A0540DB-38BD-4485-8FCB-13D50EAC7CE0}
		{4A6329B3-3031-4A4A-B012-7676E98F70DF} = {394890FC-BBE7-4708-8C00-0E4E3133AE6C}
		{0F827A2F-EEFA-4942-9AA7-EE1C598B2EC5} = {C4D2C2EB-0A83-4399-A10E-3D7B75C8FDBB}
		{FE513617-F882-486B-AADA-C90E1A83591A} = {0F827A2F-EEFA-4942-9AA7-EE1C598B2EC5}
		{B2231654-C2FA-4301-9058-FC9C40DDE956} = {0F827A2F-EEFA-4942-9AA7-EE1C598B2EC5}
		{F9E69A90-CB9C-4E45-B0A5-37DCEDD11561} = {0F827A2F-EEFA-4942-9AA7-EE1C598B2EC5}
		{85CDC838-6FDA-41AB-8E8E-2C84B94F7A7C} = {0F827A2F-EEFA-4942-9AA7-EE1C598B2EC5}
		{5E823EF1-911F-4243-B5BB-31AB92DCCD6C} = {FE513617-F882-486B-AADA-C90E1A83591A}
		{1B885131-B019-4953-BEE7-38F8B3767427} = {F9E69A90-CB9C-4E45-B0A5-37DCEDD11561}
		{D83EC78C-9AD3-4300-91AE-03C6D98E74C3} = {85CDC838-6FDA-41AB-8E8E-2C84B94F7A7C}
		{154FB903-2415-4B0B-A9FA-40F238DFB2C6} = {B2231654-C2FA-4301-9058-FC9C40DDE956}
	EndGlobalSection
	GlobalSection(ProjectConfigurationPlatforms) = postSolution
		{90364776-5FF9-4162-A717-96CADE61BA30}.Debug|Any CPU.ActiveCfg = Debug|Any CPU
		{90364776-5FF9-4162-A717-96CADE61BA30}.Debug|Any CPU.Build.0 = Debug|Any CPU
		{90364776-5FF9-4162-A717-96CADE61BA30}.Release|Any CPU.ActiveCfg = Release|Any CPU
		{90364776-5FF9-4162-A717-96CADE61BA30}.Release|Any CPU.Build.0 = Release|Any CPU
		{A44C7E66-935B-42AC-B790-360180DF86CF}.Debug|Any CPU.ActiveCfg = Debug|Any CPU
		{A44C7E66-935B-42AC-B790-360180DF86CF}.Debug|Any CPU.Build.0 = Debug|Any CPU
		{A44C7E66-935B-42AC-B790-360180DF86CF}.Release|Any CPU.ActiveCfg = Release|Any CPU
		{A44C7E66-935B-42AC-B790-360180DF86CF}.Release|Any CPU.Build.0 = Release|Any CPU
		{4A6329B3-3031-4A4A-B012-7676E98F70DF}.Debug|Any CPU.ActiveCfg = Debug|Any CPU
		{4A6329B3-3031-4A4A-B012-7676E98F70DF}.Debug|Any CPU.Build.0 = Debug|Any CPU
		{4A6329B3-3031-4A4A-B012-7676E98F70DF}.Release|Any CPU.ActiveCfg = Release|Any CPU
		{4A6329B3-3031-4A4A-B012-7676E98F70DF}.Release|Any CPU.Build.0 = Release|Any CPU
		{5E823EF1-911F-4243-B5BB-31AB92DCCD6C}.Debug|Any CPU.ActiveCfg = Debug|Any CPU
		{5E823EF1-911F-4243-B5BB-31AB92DCCD6C}.Debug|Any CPU.Build.0 = Debug|Any CPU
		{5E823EF1-911F-4243-B5BB-31AB92DCCD6C}.Release|Any CPU.ActiveCfg = Release|Any CPU
		{5E823EF1-911F-4243-B5BB-31AB92DCCD6C}.Release|Any CPU.Build.0 = Release|Any CPU
		{1B885131-B019-4953-BEE7-38F8B3767427}.Debug|Any CPU.ActiveCfg = Debug|Any CPU
		{1B885131-B019-4953-BEE7-38F8B3767427}.Debug|Any CPU.Build.0 = Debug|Any CPU
		{1B885131-B019-4953-BEE7-38F8B3767427}.Release|Any CPU.ActiveCfg = Release|Any CPU
		{1B885131-B019-4953-BEE7-38F8B3767427}.Release|Any CPU.Build.0 = Release|Any CPU
		{D83EC78C-9AD3-4300-91AE-03C6D98E74C3}.Debug|Any CPU.ActiveCfg = Debug|Any CPU
		{D83EC78C-9AD3-4300-91AE-03C6D98E74C3}.Debug|Any CPU.Build.0 = Debug|Any CPU
		{D83EC78C-9AD3-4300-91AE-03C6D98E74C3}.Release|Any CPU.ActiveCfg = Release|Any CPU
		{D83EC78C-9AD3-4300-91AE-03C6D98E74C3}.Release|Any CPU.Build.0 = Release|Any CPU
		{154FB903-2415-4B0B-A9FA-40F238DFB2C6}.Debug|Any CPU.ActiveCfg = Debug|Any CPU
		{154FB903-2415-4B0B-A9FA-40F238DFB2C6}.Debug|Any CPU.Build.0 = Debug|Any CPU
		{154FB903-2415-4B0B-A9FA-40F238DFB2C6}.Release|Any CPU.ActiveCfg = Release|Any CPU
		{154FB903-2415-4B0B-A9FA-40F238DFB2C6}.Release|Any CPU.Build.0 = Release|Any CPU
	EndGlobalSection
EndGlobal
