
Microsoft Visual Studio Solution File, Format Version 12.00
Project("{2150E333-8FDC-42A3-9474-1A3956D46DE8}") = "Domain", "Domain", "{5894DAD6-0F90-4E43-9481-4A1B90965BEB}"
EndProject
Project("{2150E333-8FDC-42A3-9474-1A3956D46DE8}") = "Infra.Bus", "Infra.Bus", "{8A0540DB-38BD-4485-8FCB-13D50EAC7CE0}"
EndProject
Project("{2150E333-8FDC-42A3-9474-1A3956D46DE8}") = "Infra.IoC", "Infra.IoC", "{394890FC-BBE7-4708-8C00-0E4E3133AE6C}"
EndProject
Project("{2150E333-8FDC-42A3-9474-1A3956D46DE8}") = "Microservices", "Microservices", "{C4D2C2EB-0A83-4399-A10E-3D7B75C8FDBB}"
EndProject
Project("{2150E333-8FDC-42A3-9474-1A3956D46DE8}") = "Presentation", "Presentation", "{BE5CF9BE-96A5-4FDA-92DD-67BDDD1698FE}"
EndProject
Project("{FAE04EC0-301F-11D3-BF4B-00C04F79EFBC}") = "MicroRabbit.Domain.Core", "MicroRabbit.Domain.Core\MicroRabbit.Domain.Core.csproj", "{90364776-5FF9-4162-A717-96CADE61BA30}"
EndProject
Project("{FAE04EC0-301F-11D3-BF4B-00C04F79EFBC}") = "MicroRabbit.Infra.Bus", "MicroRabbit.Infra.Bus\MicroRabbit.Infra.Bus.csproj", "{A44C7E66-935B-42AC-B790-360180DF86CF}"
EndProject
Global
	GlobalSection(SolutionConfigurationPlatforms) = preSolution
		Debug|Any CPU = Debug|Any CPU
		Release|Any CPU = Release|Any CPU
	EndGlobalSection
	GlobalSection(NestedProjects) = preSolution
		{90364776-5FF9-4162-A717-96CADE61BA30} = {5894DAD6-0F90-4E43-9481-4A1B90965BEB}
		{A44C7E66-935B-42AC-B790-360180DF86CF} = {8A0540DB-38BD-4485-8FCB-13D50EAC7CE0}
	EndGlobalSection
	GlobalSection(ProjectConfigurationPlatforms) = postSolution
		{90364776-5FF9-4162-A717-96CADE61BA30}.Debug|Any CPU.ActiveCfg = Debug|Any CPU
		{90364776-5FF9-4162-A717-96CADE61BA30}.Debug|Any CPU.Build.0 = Debug|Any CPU
		{90364776-5FF9-4162-A717-96CADE61BA30}.Release|Any CPU.ActiveCfg = Release|Any CPU
		{90364776-5FF9-4162-A717-96CADE61BA30}.Release|Any CPU.Build.0 = Release|Any CPU
		{A44C7E66-935B-42AC-B790-360180DF86CF}.Debug|Any CPU.ActiveCfg = Debug|Any CPU
		{A44C7E66-935B-42AC-B790-360180DF86CF}.Debug|Any CPU.Build.0 = Debug|Any CPU
		{A44C7E66-935B-42AC-B790-360180DF86CF}.Release|Any CPU.ActiveCfg = Release|Any CPU
		{A44C7E66-935B-42AC-B790-360180DF86CF}.Release|Any CPU.Build.0 = Release|Any CPU
	EndGlobalSection
EndGlobal
